// !$*UTF8*$!
{
	archiveVersion = 1;
	classes = {
	};
	objectVersion = 50;
	objects = {

/* Begin PBXBuildFile section */
		6C5F58D724D9B1A400922532 /* AppDelegate.swift in Sources */ = {isa = PBXBuildFile; fileRef = 6C5F58D624D9B1A400922532 /* AppDelegate.swift */; };
		6C5F58D924D9B1A400922532 /* SceneDelegate.swift in Sources */ = {isa = PBXBuildFile; fileRef = 6C5F58D824D9B1A400922532 /* SceneDelegate.swift */; };
		6C5F58DB24D9B1A400922532 /* ViewController.swift in Sources */ = {isa = PBXBuildFile; fileRef = 6C5F58DA24D9B1A400922532 /* ViewController.swift */; };
		6C5F58DE24D9B1A400922532 /* Main.storyboard in Resources */ = {isa = PBXBuildFile; fileRef = 6C5F58DC24D9B1A400922532 /* Main.storyboard */; };
		6C5F58E024D9B1A600922532 /* Assets.xcassets in Resources */ = {isa = PBXBuildFile; fileRef = 6C5F58DF24D9B1A600922532 /* Assets.xcassets */; };
		6C5F58E324D9B1A600922532 /* LaunchScreen.storyboard in Resources */ = {isa = PBXBuildFile; fileRef = 6C5F58E124D9B1A600922532 /* LaunchScreen.storyboard */; };
		6C5F988524DA554600BAE8F6 /* start.txt in Resources */ = {isa = PBXBuildFile; fileRef = 6C5F988424DA554600BAE8F6 /* start.txt */; };
/* End PBXBuildFile section */

/* Begin PBXFileReference section */
		6C5F58D324D9B1A400922532 /* Project 5 HWS.app */ = {isa = PBXFileReference; explicitFileType = wrapper.application; includeInIndex = 0; path = "Project 5 HWS.app"; sourceTree = BUILT_PRODUCTS_DIR; };
		6C5F58D624D9B1A400922532 /* AppDelegate.swift */ = {isa = PBXFileReference; lastKnownFileType = sourcecode.swift; path = AppDelegate.swift; sourceTree = "<group>"; };
		6C5F58D824D9B1A400922532 /* SceneDelegate.swift */ = {isa = PBXFileReference; lastKnownFileType = sourcecode.swift; path = SceneDelegate.swift; sourceTree = "<group>"; };
		6C5F58DA24D9B1A400922532 /* ViewController.swift */ = {isa = PBXFileReference; lastKnownFileType = sourcecode.swift; path = ViewController.swift; sourceTree = "<group>"; };
		6C5F58DD24D9B1A400922532 /* Base */ = {isa = PBXFileReference; lastKnownFileType = file.storyboard; name = Base; path = Base.lproj/Main.storyboard; sourceTree = "<group>"; };
		6C5F58DF24D9B1A600922532 /* Assets.xcassets */ = {isa = PBXFileReference; lastKnownFileType = folder.assetcatalog; path = Assets.xcassets; sourceTree = "<group>"; };
		6C5F58E224D9B1A600922532 /* Base */ = {isa = PBXFileReference; lastKnownFileType = file.storyboard; name = Base; path = Base.lproj/LaunchScreen.storyboard; sourceTree = "<group>"; };
		6C5F58E424D9B1A600922532 /* Info.plist */ = {isa = PBXFileReference; lastKnownFileType = text.plist.xml; path = Info.plist; sourceTree = "<group>"; };
		6C5F988424DA554600BAE8F6 /* start.txt */ = {isa = PBXFileReference; fileEncoding = 4; lastKnownFileType = text; path = start.txt; sourceTree = "<group>"; };
/* End PBXFileReference section */

/* Begin PBXFrameworksBuildPhase section */
		6C5F58D024D9B1A400922532 /* Frameworks */ = {
			isa = PBXFrameworksBuildPhase;
			buildActionMask = 2147483647;
			files = (
			);
			runOnlyForDeploymentPostprocessing = 0;
		};
/* End PBXFrameworksBuildPhase section */

/* Begin PBXGroup section */
		6C5F58CA24D9B1A400922532 = {
			isa = PBXGroup;
			children = (
				6C5F58D524D9B1A400922532 /* Project 5 HWS */,
				6C5F58D424D9B1A400922532 /* Products */,
			);
			sourceTree = "<group>";
		};
		6C5F58D424D9B1A400922532 /* Products */ = {
			isa = PBXGroup;
			children = (
				6C5F58D324D9B1A400922532 /* Project 5 HWS.app */,
			);
			name = Products;
			sourceTree = "<group>";
		};
		6C5F58D524D9B1A400922532 /* Project 5 HWS */ = {
			isa = PBXGroup;
			children = (
				6C5F58D624D9B1A400922532 /* AppDelegate.swift */,
				6C5F58D824D9B1A400922532 /* SceneDelegate.swift */,
				6C5F58DA24D9B1A400922532 /* ViewController.swift */,
				6C5F58DC24D9B1A400922532 /* Main.storyboard */,
				6C5F58DF24D9B1A600922532 /* Assets.xcassets */,
				6C5F58E124D9B1A600922532 /* LaunchScreen.storyboard */,
				6C5F988424DA554600BAE8F6 /* start.txt */,
				6C5F58E424D9B1A600922532 /* Info.plist */,
			);
			path = "Project 5 HWS";
			sourceTree = "<group>";
		};
/* End PBXGroup section */

/* Begin PBXNativeTarget section */
		6C5F58D224D9B1A400922532 /* Project 5 HWS */ = {
			isa = PBXNativeTarget;
			buildConfigurationList = 6C5F58E724D9B1A600922532 /* Build configuration list for PBXNativeTarget "Project 5 HWS" */;
			buildPhases = (
				6C5F58CF24D9B1A400922532 /* Sources */,
				6C5F58D024D9B1A400922532 /* Frameworks */,
				6C5F58D124D9B1A400922532 /* Resources */,
			);
			buildRules = (
			);
			dependencies = (
			);
			name = "Project 5 HWS";
			productName = "Project 5 HWS";
			productReference = 6C5F58D324D9B1A400922532 /* Project 5 HWS.app */;
			productType = "com.apple.product-type.application";
		};
/* End PBXNativeTarget section */

/* Begin PBXProject section */
		6C5F58CB24D9B1A400922532 /* Project object */ = {
			isa = PBXProject;
			attributes = {
				LastSwiftUpdateCheck = 1150;
				LastUpgradeCheck = 1240;
				ORGANIZATIONNAME = Experiment1;
				TargetAttributes = {
					6C5F58D224D9B1A400922532 = {
						CreatedOnToolsVersion = 11.5;
					};
				};
			};
			buildConfigurationList = 6C5F58CE24D9B1A400922532 /* Build configuration list for PBXProject "Project 5 HWS" */;
			compatibilityVersion = "Xcode 9.3";
			developmentRegion = en;
			hasScannedForEncodings = 0;
			knownRegions = (
				en,
				Base,
			);
			mainGroup = 6C5F58CA24D9B1A400922532;
			productRefGroup = 6C5F58D424D9B1A400922532 /* Products */;
			projectDirPath = "";
			projectRoot = "";
			targets = (
				6C5F58D224D9B1A400922532 /* Project 5 HWS */,
			);
		};
/* End PBXProject section */

/* Begin PBXResourcesBuildPhase section */
		6C5F58D124D9B1A400922532 /* Resources */ = {
			isa = PBXResourcesBuildPhase;
			buildActionMask = 2147483647;
			files = (
				6C5F58E324D9B1A600922532 /* LaunchScreen.storyboard in Resources */,
				6C5F988524DA554600BAE8F6 /* start.txt in Resources */,
				6C5F58E024D9B1A600922532 /* Assets.xcassets in Resources */,
				6C5F58DE24D9B1A400922532 /* Main.storyboard in Resources */,
			);
			runOnlyForDeploymentPostprocessing = 0;
		};
/* End PBXResourcesBuildPhase section */

/* Begin PBXSourcesBuildPhase section */
		6C5F58CF24D9B1A400922532 /* Sources */ = {
			isa = PBXSourcesBuildPhase;
			buildActionMask = 2147483647;
			files = (
				6C5F58DB24D9B1A400922532 /* ViewController.swift in Sources */,
				6C5F58D724D9B1A400922532 /* AppDelegate.swift in Sources */,
				6C5F58D924D9B1A400922532 /* SceneDelegate.swift in Sources */,
			);
			runOnlyForDeploymentPostprocessing = 0;
		};
/* End PBXSourcesBuildPhase section */

/* Begin PBXVariantGroup section */
		6C5F58DC24D9B1A400922532 /* Main.storyboard */ = {
			isa = PBXVariantGroup;
			children = (
				6C5F58DD24D9B1A400922532 /* Base */,
			);
			name = Main.storyboard;
			sourceTree = "<group>";
		};
		6C5F58E124D9B1A600922532 /* LaunchScreen.storyboard */ = {
			isa = PBXVariantGroup;
			children = (
				6C5F58E224D9B1A600922532 /* Base */,
			);
			name = LaunchScreen.storyboard;
			sourceTree = "<group>";
		};
/* End PBXVariantGroup section */

/* Begin XCBuildConfiguration section */
		6C5F58E524D9B1A600922532 /* Debug */ = {
			isa = XCBuildConfiguration;
			buildSettings = {
				ALWAYS_SEARCH_USER_PATHS = NO;
				CLANG_ANALYZER_NONNULL = YES;
				CLANG_ANALYZER_NUMBER_OBJECT_CONVERSION = YES_AGGRESSIVE;
				CLANG_CXX_LANGUAGE_STANDARD = "gnu++14";
				CLANG_CXX_LIBRARY = "libc++";
				CLANG_ENABLE_MODULES = YES;
				CLANG_ENABLE_OBJC_ARC = YES;
				CLANG_ENABLE_OBJC_WEAK = YES;
				CLANG_WARN_BLOCK_CAPTURE_AUTORELEASING = YES;
				CLANG_WARN_BOOL_CONVERSION = YES;
				CLANG_WARN_COMMA = YES;
				CLANG_WARN_CONSTANT_CONVERSION = YES;
				CLANG_WARN_DEPRECATED_OBJC_IMPLEMENTATIONS = YES;
				CLANG_WARN_DIRECT_OBJC_ISA_USAGE = YES_ERROR;
				CLANG_WARN_DOCUMENTATION_COMMENTS = YES;
				CLANG_WARN_EMPTY_BODY = YES;
				CLANG_WARN_ENUM_CONVERSION = YES;
				CLANG_WARN_INFINITE_RECURSION = YES;
				CLANG_WARN_INT_CONVERSION = YES;
				CLANG_WARN_NON_LITERAL_NULL_CONVERSION = YES;
				CLANG_WARN_OBJC_IMPLICIT_RETAIN_SELF = YES;
				CLANG_WARN_OBJC_LITERAL_CONVERSION = YES;
				CLANG_WARN_OBJC_ROOT_CLASS = YES_ERROR;
				CLANG_WARN_QUOTED_INCLUDE_IN_FRAMEWORK_HEADER = YES;
				CLANG_WARN_RANGE_LOOP_ANALYSIS = YES;
				CLANG_WARN_STRICT_PROTOTYPES = YES;
				CLANG_WARN_SUSPICIOUS_MOVE = YES;
				CLANG_WARN_UNGUARDED_AVAILABILITY = YES_AGGRESSIVE;
				CLANG_WARN_UNREACHABLE_CODE = YES;
				CLANG_WARN__DUPLICATE_METHOD_MATCH = YES;
				COPY_PHASE_STRIP = NO;
				DEBUG_INFORMATION_FORMAT = dwarf;
				ENABLE_STRICT_OBJC_MSGSEND = YES;
				ENABLE_TESTABILITY = YES;
				GCC_C_LANGUAGE_STANDARD = gnu11;
				GCC_DYNAMIC_NO_PIC = NO;
				GCC_NO_COMMON_BLOCKS = YES;
				GCC_OPTIMIZATION_LEVEL = 0;
				GCC_PREPROCESSOR_DEFINITIONS = (
					"DEBUG=1",
					"$(inherited)",
				);
				GCC_WARN_64_TO_32_BIT_CONVERSION = YES;
				GCC_WARN_ABOUT_RETURN_TYPE = YES_ERROR;
				GCC_WARN_UNDECLARED_SELECTOR = YES;
				GCC_WARN_UNINITIALIZED_AUTOS = YES_AGGRESSIVE;
				GCC_WARN_UNUSED_FUNCTION = YES;
				GCC_WARN_UNUSED_VARIABLE = YES;
				IPHONEOS_DEPLOYMENT_TARGET = 13.5;
				MTL_ENABLE_DEBUG_INFO = INCLUDE_SOURCE;
				MTL_FAST_MATH = YES;
				ONLY_ACTIVE_ARCH = YES;
				SDKROOT = iphoneos;
				SWIFT_ACTIVE_COMPILATION_CONDITIONS = DEBUG;
				SWIFT_OPTIMIZATION_LEVEL = "-Onone";
			};
			name = Debug;
		};
		6C5F58E624D9B1A600922532 /* Release */ = {
			isa = XCBuildConfiguration;
			buildSettings = {
				ALWAYS_SEARCH_USER_PATHS = NO;
				CLANG_ANALYZER_NONNULL = YES;
				CLANG_ANALYZER_NUMBER_OBJECT_CONVERSION = YES_AGGRESSIVE;
				CLANG_CXX_LANGUAGE_STANDARD = "gnu++14";
				CLANG_CXX_LIBRARY = "libc++";
				CLANG_ENABLE_MODULES = YES;
				CLANG_ENABLE_OBJC_ARC = YES;
				CLANG_ENABLE_OBJC_WEAK = YES;
				CLANG_WARN_BLOCK_CAPTURE_AUTORELEASING = YES;
				CLANG_WARN_BOOL_CONVERSION = YES;
				CLANG_WARN_COMMA = YES;
				CLANG_WARN_CONSTANT_CONVERSION = YES;
				CLANG_WARN_DEPRECATED_OBJC_IMPLEMENTATIONS = YES;
				CLANG_WARN_DIRECT_OBJC_ISA_USAGE = YES_ERROR;
				CLANG_WARN_DOCUMENTATION_COMMENTS = YES;
				CLANG_WARN_EMPTY_BODY = YES;
				CLANG_WARN_ENUM_CONVERSION = YES;
				CLANG_WARN_INFINITE_RECURSION = YES;
				CLANG_WARN_INT_CONVERSION = YES;
				CLANG_WARN_NON_LITERAL_NULL_CONVERSION = YES;
				CLANG_WARN_OBJC_IMPLICIT_RETAIN_SELF = YES;
				CLANG_WARN_OBJC_LITERAL_CONVERSION = YES;
				CLANG_WARN_OBJC_ROOT_CLASS = YES_ERROR;
				CLANG_WARN_QUOTED_INCLUDE_IN_FRAMEWORK_HEADER = YES;
				CLANG_WARN_RANGE_LOOP_ANALYSIS = YES;
				CLANG_WARN_STRICT_PROTOTYPES = YES;
				CLANG_WARN_SUSPICIOUS_MOVE = YES;
				CLANG_WARN_UNGUARDED_AVAILABILITY = YES_AGGRESSIVE;
				CLANG_WARN_UNREACHABLE_CODE = YES;
				CLANG_WARN__DUPLICATE_METHOD_MATCH = YES;
				COPY_PHASE_STRIP = NO;
				DEBUG_INFORMATION_FORMAT = "dwarf-with-dsym";
				ENABLE_NS_ASSERTIONS = NO;
				ENABLE_STRICT_OBJC_MSGSEND = YES;
				GCC_C_LANGUAGE_STANDARD = gnu11;
				GCC_NO_COMMON_BLOCKS = YES;
				GCC_WARN_64_TO_32_BIT_CONVERSION = YES;
				GCC_WARN_ABOUT_RETURN_TYPE = YES_ERROR;
				GCC_WARN_UNDECLARED_SELECTOR = YES;
				GCC_WARN_UNINITIALIZED_AUTOS = YES_AGGRESSIVE;
				GCC_WARN_UNUSED_FUNCTION = YES;
				GCC_WARN_UNUSED_VARIABLE = YES;
				IPHONEOS_DEPLOYMENT_TARGET = 13.5;
				MTL_ENABLE_DEBUG_INFO = NO;
				MTL_FAST_MATH = YES;
				SDKROOT = iphoneos;
				SWIFT_COMPILATION_MODE = wholemodule;
				SWIFT_OPTIMIZATION_LEVEL = "-O";
				VALIDATE_PRODUCT = YES;
			};
			name = Release;
		};
		6C5F58E824D9B1A600922532 /* Debug */ = {
			isa = XCBuildConfiguration;
			buildSettings = {
				ASSETCATALOG_COMPILER_APPICON_NAME = AppIcon;
				CODE_SIGN_STYLE = Automatic;
				DEVELOPMENT_TEAM = YTVSGRSC5J;
				INFOPLIST_FILE = "Project 5 HWS/Info.plist";
				LD_RUNPATH_SEARCH_PATHS = (
					"$(inherited)",
					"@executable_path/Frameworks",
				);
				PRODUCT_BUNDLE_IDENTIFIER = "com.Exp.Project-5-HWS";
				PRODUCT_NAME = "$(TARGET_NAME)";
				SWIFT_VERSION = 5.0;
				TARGETED_DEVICE_FAMILY = "1,2";
			};
			name = Debug;
		};
		6C5F58E924D9B1A600922532 /* Release */ = {
			isa = XCBuildConfiguration;
			buildSettings = {
				ASSETCATALOG_COMPILER_APPICON_NAME = AppIcon;
				CODE_SIGN_STYLE = Automatic;
				DEVELOPMENT_TEAM = YTVSGRSC5J;
				INFOPLIST_FILE = "Project 5 HWS/Info.plist";
				LD_RUNPATH_SEARCH_PATHS = (
					"$(inherited)",
					"@executable_path/Frameworks",
				);
				PRODUCT_BUNDLE_IDENTIFIER = "com.Exp.Project-5-HWS";
				PRODUCT_NAME = "$(TARGET_NAME)";
				SWIFT_VERSION = 5.0;
				TARGETED_DEVICE_FAMILY = "1,2";
			};
			name = Release;
		};
/* End XCBuildConfiguration section */

/* Begin XCConfigurationList section */
		6C5F58CE24D9B1A400922532 /* Build configuration list for PBXProject "Project 5 HWS" */ = {
			isa = XCConfigurationList;
			buildConfigurations = (
				6C5F58E524D9B1A600922532 /* Debug */,
				6C5F58E624D9B1A600922532 /* Release */,
			);
			defaultConfigurationIsVisible = 0;
			defaultConfigurationName = Release;
		};
		6C5F58E724D9B1A600922532 /* Build configuration list for PBXNativeTarget "Project 5 HWS" */ = {
			isa = XCConfigurationList;
			buildConfigurations = (
				6C5F58E824D9B1A600922532 /* Debug */,
				6C5F58E924D9B1A600922532 /* Release */,
			);
			defaultConfigurationIsVisible = 0;
			defaultConfigurationName = Release;
		};
/* End XCConfigurationList section */
	};
	rootObject = 6C5F58CB24D9B1A400922532 /* Project object */;
}
