// !$*UTF8*$!
{
	archiveVersion = 1;
	classes = {
	};
	objectVersion = 50;
	objects = {

/* Begin PBXBuildFile section */
		6C71ADD1256FFCF400F36D19 /* AppDelegate.swift in Sources */ = {isa = PBXBuildFile; fileRef = 6C71ADD0256FFCF400F36D19 /* AppDelegate.swift */; };
		6C71ADD3256FFCF400F36D19 /* SceneDelegate.swift in Sources */ = {isa = PBXBuildFile; fileRef = 6C71ADD2256FFCF400F36D19 /* SceneDelegate.swift */; };
		6C71ADD5256FFCF400F36D19 /* ViewController.swift in Sources */ = {isa = PBXBuildFile; fileRef = 6C71ADD4256FFCF400F36D19 /* ViewController.swift */; };
		6C71ADD8256FFCF400F36D19 /* Main.storyboard in Resources */ = {isa = PBXBuildFile; fileRef = 6C71ADD6256FFCF400F36D19 /* Main.storyboard */; };
		6C71ADDA256FFCF600F36D19 /* Assets.xcassets in Resources */ = {isa = PBXBuildFile; fileRef = 6C71ADD9256FFCF600F36D19 /* Assets.xcassets */; };
		6C71ADDD256FFCF600F36D19 /* LaunchScreen.storyboard in Resources */ = {isa = PBXBuildFile; fileRef = 6C71ADDB256FFCF600F36D19 /* LaunchScreen.storyboard */; };
		6C71ADE8256FFCF600F36D19 /* Project_18_HWS_DebuggingTests.swift in Sources */ = {isa = PBXBuildFile; fileRef = 6C71ADE7256FFCF600F36D19 /* Project_18_HWS_DebuggingTests.swift */; };
		6C71ADF3256FFCF600F36D19 /* Project_18_HWS_DebuggingUITests.swift in Sources */ = {isa = PBXBuildFile; fileRef = 6C71ADF2256FFCF600F36D19 /* Project_18_HWS_DebuggingUITests.swift */; };
/* End PBXBuildFile section */

/* Begin PBXContainerItemProxy section */
		6C71ADE4256FFCF600F36D19 /* PBXContainerItemProxy */ = {
			isa = PBXContainerItemProxy;
			containerPortal = 6C71ADC5256FFCF300F36D19 /* Project object */;
			proxyType = 1;
			remoteGlobalIDString = 6C71ADCC256FFCF400F36D19;
			remoteInfo = "Project 18 HWS Debugging";
		};
		6C71ADEF256FFCF600F36D19 /* PBXContainerItemProxy */ = {
			isa = PBXContainerItemProxy;
			containerPortal = 6C71ADC5256FFCF300F36D19 /* Project object */;
			proxyType = 1;
			remoteGlobalIDString = 6C71ADCC256FFCF400F36D19;
			remoteInfo = "Project 18 HWS Debugging";
		};
/* End PBXContainerItemProxy section */

/* Begin PBXFileReference section */
		6C71ADCD256FFCF400F36D19 /* Project 18 HWS Debugging.app */ = {isa = PBXFileReference; explicitFileType = wrapper.application; includeInIndex = 0; path = "Project 18 HWS Debugging.app"; sourceTree = BUILT_PRODUCTS_DIR; };
		6C71ADD0256FFCF400F36D19 /* AppDelegate.swift */ = {isa = PBXFileReference; lastKnownFileType = sourcecode.swift; path = AppDelegate.swift; sourceTree = "<group>"; };
		6C71ADD2256FFCF400F36D19 /* SceneDelegate.swift */ = {isa = PBXFileReference; lastKnownFileType = sourcecode.swift; path = SceneDelegate.swift; sourceTree = "<group>"; };
		6C71ADD4256FFCF400F36D19 /* ViewController.swift */ = {isa = PBXFileReference; lastKnownFileType = sourcecode.swift; path = ViewController.swift; sourceTree = "<group>"; };
		6C71ADD7256FFCF400F36D19 /* Base */ = {isa = PBXFileReference; lastKnownFileType = file.storyboard; name = Base; path = Base.lproj/Main.storyboard; sourceTree = "<group>"; };
		6C71ADD9256FFCF600F36D19 /* Assets.xcassets */ = {isa = PBXFileReference; lastKnownFileType = folder.assetcatalog; path = Assets.xcassets; sourceTree = "<group>"; };
		6C71ADDC256FFCF600F36D19 /* Base */ = {isa = PBXFileReference; lastKnownFileType = file.storyboard; name = Base; path = Base.lproj/LaunchScreen.storyboard; sourceTree = "<group>"; };
		6C71ADDE256FFCF600F36D19 /* Info.plist */ = {isa = PBXFileReference; lastKnownFileType = text.plist.xml; path = Info.plist; sourceTree = "<group>"; };
		6C71ADE3256FFCF600F36D19 /* Project 18 HWS DebuggingTests.xctest */ = {isa = PBXFileReference; explicitFileType = wrapper.cfbundle; includeInIndex = 0; path = "Project 18 HWS DebuggingTests.xctest"; sourceTree = BUILT_PRODUCTS_DIR; };
		6C71ADE7256FFCF600F36D19 /* Project_18_HWS_DebuggingTests.swift */ = {isa = PBXFileReference; lastKnownFileType = sourcecode.swift; path = Project_18_HWS_DebuggingTests.swift; sourceTree = "<group>"; };
		6C71ADE9256FFCF600F36D19 /* Info.plist */ = {isa = PBXFileReference; lastKnownFileType = text.plist.xml; path = Info.plist; sourceTree = "<group>"; };
		6C71ADEE256FFCF600F36D19 /* Project 18 HWS DebuggingUITests.xctest */ = {isa = PBXFileReference; explicitFileType = wrapper.cfbundle; includeInIndex = 0; path = "Project 18 HWS DebuggingUITests.xctest"; sourceTree = BUILT_PRODUCTS_DIR; };
		6C71ADF2256FFCF600F36D19 /* Project_18_HWS_DebuggingUITests.swift */ = {isa = PBXFileReference; lastKnownFileType = sourcecode.swift; path = Project_18_HWS_DebuggingUITests.swift; sourceTree = "<group>"; };
		6C71ADF4256FFCF600F36D19 /* Info.plist */ = {isa = PBXFileReference; lastKnownFileType = text.plist.xml; path = Info.plist; sourceTree = "<group>"; };
/* End PBXFileReference section */

/* Begin PBXFrameworksBuildPhase section */
		6C71ADCA256FFCF400F36D19 /* Frameworks */ = {
			isa = PBXFrameworksBuildPhase;
			buildActionMask = 2147483647;
			files = (
			);
			runOnlyForDeploymentPostprocessing = 0;
		};
		6C71ADE0256FFCF600F36D19 /* Frameworks */ = {
			isa = PBXFrameworksBuildPhase;
			buildActionMask = 2147483647;
			files = (
			);
			runOnlyForDeploymentPostprocessing = 0;
		};
		6C71ADEB256FFCF600F36D19 /* Frameworks */ = {
			isa = PBXFrameworksBuildPhase;
			buildActionMask = 2147483647;
			files = (
			);
			runOnlyForDeploymentPostprocessing = 0;
		};
/* End PBXFrameworksBuildPhase section */

/* Begin PBXGroup section */
		6C71ADC4256FFCF300F36D19 = {
			isa = PBXGroup;
			children = (
				6C71ADCF256FFCF400F36D19 /* Project 18 HWS Debugging */,
				6C71ADE6256FFCF600F36D19 /* Project 18 HWS DebuggingTests */,
				6C71ADF1256FFCF600F36D19 /* Project 18 HWS DebuggingUITests */,
				6C71ADCE256FFCF400F36D19 /* Products */,
			);
			sourceTree = "<group>";
		};
		6C71ADCE256FFCF400F36D19 /* Products */ = {
			isa = PBXGroup;
			children = (
				6C71ADCD256FFCF400F36D19 /* Project 18 HWS Debugging.app */,
				6C71ADE3256FFCF600F36D19 /* Project 18 HWS DebuggingTests.xctest */,
				6C71ADEE256FFCF600F36D19 /* Project 18 HWS DebuggingUITests.xctest */,
			);
			name = Products;
			sourceTree = "<group>";
		};
		6C71ADCF256FFCF400F36D19 /* Project 18 HWS Debugging */ = {
			isa = PBXGroup;
			children = (
				6C71ADD0256FFCF400F36D19 /* AppDelegate.swift */,
				6C71ADD2256FFCF400F36D19 /* SceneDelegate.swift */,
				6C71ADD4256FFCF400F36D19 /* ViewController.swift */,
				6C71ADD6256FFCF400F36D19 /* Main.storyboard */,
				6C71ADD9256FFCF600F36D19 /* Assets.xcassets */,
				6C71ADDB256FFCF600F36D19 /* LaunchScreen.storyboard */,
				6C71ADDE256FFCF600F36D19 /* Info.plist */,
			);
			path = "Project 18 HWS Debugging";
			sourceTree = "<group>";
		};
		6C71ADE6256FFCF600F36D19 /* Project 18 HWS DebuggingTests */ = {
			isa = PBXGroup;
			children = (
				6C71ADE7256FFCF600F36D19 /* Project_18_HWS_DebuggingTests.swift */,
				6C71ADE9256FFCF600F36D19 /* Info.plist */,
			);
			path = "Project 18 HWS DebuggingTests";
			sourceTree = "<group>";
		};
		6C71ADF1256FFCF600F36D19 /* Project 18 HWS DebuggingUITests */ = {
			isa = PBXGroup;
			children = (
				6C71ADF2256FFCF600F36D19 /* Project_18_HWS_DebuggingUITests.swift */,
				6C71ADF4256FFCF600F36D19 /* Info.plist */,
			);
			path = "Project 18 HWS DebuggingUITests";
			sourceTree = "<group>";
		};
/* End PBXGroup section */

/* Begin PBXNativeTarget section */
		6C71ADCC256FFCF400F36D19 /* Project 18 HWS Debugging */ = {
			isa = PBXNativeTarget;
			buildConfigurationList = 6C71ADF7256FFCF600F36D19 /* Build configuration list for PBXNativeTarget "Project 18 HWS Debugging" */;
			buildPhases = (
				6C71ADC9256FFCF400F36D19 /* Sources */,
				6C71ADCA256FFCF400F36D19 /* Frameworks */,
				6C71ADCB256FFCF400F36D19 /* Resources */,
			);
			buildRules = (
			);
			dependencies = (
			);
			name = "Project 18 HWS Debugging";
			productName = "Project 18 HWS Debugging";
			productReference = 6C71ADCD256FFCF400F36D19 /* Project 18 HWS Debugging.app */;
			productType = "com.apple.product-type.application";
		};
		6C71ADE2256FFCF600F36D19 /* Project 18 HWS DebuggingTests */ = {
			isa = PBXNativeTarget;
			buildConfigurationList = 6C71ADFA256FFCF600F36D19 /* Build configuration list for PBXNativeTarget "Project 18 HWS DebuggingTests" */;
			buildPhases = (
				6C71ADDF256FFCF600F36D19 /* Sources */,
				6C71ADE0256FFCF600F36D19 /* Frameworks */,
				6C71ADE1256FFCF600F36D19 /* Resources */,
			);
			buildRules = (
			);
			dependencies = (
				6C71ADE5256FFCF600F36D19 /* PBXTargetDependency */,
			);
			name = "Project 18 HWS DebuggingTests";
			productName = "Project 18 HWS DebuggingTests";
			productReference = 6C71ADE3256FFCF600F36D19 /* Project 18 HWS DebuggingTests.xctest */;
			productType = "com.apple.product-type.bundle.unit-test";
		};
		6C71ADED256FFCF600F36D19 /* Project 18 HWS DebuggingUITests */ = {
			isa = PBXNativeTarget;
			buildConfigurationList = 6C71ADFD256FFCF600F36D19 /* Build configuration list for PBXNativeTarget "Project 18 HWS DebuggingUITests" */;
			buildPhases = (
				6C71ADEA256FFCF600F36D19 /* Sources */,
				6C71ADEB256FFCF600F36D19 /* Frameworks */,
				6C71ADEC256FFCF600F36D19 /* Resources */,
			);
			buildRules = (
			);
			dependencies = (
				6C71ADF0256FFCF600F36D19 /* PBXTargetDependency */,
			);
			name = "Project 18 HWS DebuggingUITests";
			productName = "Project 18 HWS DebuggingUITests";
			productReference = 6C71ADEE256FFCF600F36D19 /* Project 18 HWS DebuggingUITests.xctest */;
			productType = "com.apple.product-type.bundle.ui-testing";
		};
/* End PBXNativeTarget section */

/* Begin PBXProject section */
		6C71ADC5256FFCF300F36D19 /* Project object */ = {
			isa = PBXProject;
			attributes = {
				LastSwiftUpdateCheck = 1200;
				LastUpgradeCheck = 1200;
				TargetAttributes = {
					6C71ADCC256FFCF400F36D19 = {
						CreatedOnToolsVersion = 12.0.1;
					};
					6C71ADE2256FFCF600F36D19 = {
						CreatedOnToolsVersion = 12.0.1;
						TestTargetID = 6C71ADCC256FFCF400F36D19;
					};
					6C71ADED256FFCF600F36D19 = {
						CreatedOnToolsVersion = 12.0.1;
						TestTargetID = 6C71ADCC256FFCF400F36D19;
					};
				};
			};
			buildConfigurationList = 6C71ADC8256FFCF300F36D19 /* Build configuration list for PBXProject "Project 18 HWS Debugging" */;
			compatibilityVersion = "Xcode 9.3";
			developmentRegion = en;
			hasScannedForEncodings = 0;
			knownRegions = (
				en,
				Base,
			);
			mainGroup = 6C71ADC4256FFCF300F36D19;
			productRefGroup = 6C71ADCE256FFCF400F36D19 /* Products */;
			projectDirPath = "";
			projectRoot = "";
			targets = (
				6C71ADCC256FFCF400F36D19 /* Project 18 HWS Debugging */,
				6C71ADE2256FFCF600F36D19 /* Project 18 HWS DebuggingTests */,
				6C71ADED256FFCF600F36D19 /* Project 18 HWS DebuggingUITests */,
			);
		};
/* End PBXProject section */

/* Begin PBXResourcesBuildPhase section */
		6C71ADCB256FFCF400F36D19 /* Resources */ = {
			isa = PBXResourcesBuildPhase;
			buildActionMask = 2147483647;
			files = (
				6C71ADDD256FFCF600F36D19 /* LaunchScreen.storyboard in Resources */,
				6C71ADDA256FFCF600F36D19 /* Assets.xcassets in Resources */,
				6C71ADD8256FFCF400F36D19 /* Main.storyboard in Resources */,
			);
			runOnlyForDeploymentPostprocessing = 0;
		};
		6C71ADE1256FFCF600F36D19 /* Resources */ = {
			isa = PBXResourcesBuildPhase;
			buildActionMask = 2147483647;
			files = (
			);
			runOnlyForDeploymentPostprocessing = 0;
		};
		6C71ADEC256FFCF600F36D19 /* Resources */ = {
			isa = PBXResourcesBuildPhase;
			buildActionMask = 2147483647;
			files = (
			);
			runOnlyForDeploymentPostprocessing = 0;
		};
/* End PBXResourcesBuildPhase section */

/* Begin PBXSourcesBuildPhase section */
		6C71ADC9256FFCF400F36D19 /* Sources */ = {
			isa = PBXSourcesBuildPhase;
			buildActionMask = 2147483647;
			files = (
				6C71ADD5256FFCF400F36D19 /* ViewController.swift in Sources */,
				6C71ADD1256FFCF400F36D19 /* AppDelegate.swift in Sources */,
				6C71ADD3256FFCF400F36D19 /* SceneDelegate.swift in Sources */,
			);
			runOnlyForDeploymentPostprocessing = 0;
		};
		6C71ADDF256FFCF600F36D19 /* Sources */ = {
			isa = PBXSourcesBuildPhase;
			buildActionMask = 2147483647;
			files = (
				6C71ADE8256FFCF600F36D19 /* Project_18_HWS_DebuggingTests.swift in Sources */,
			);
			runOnlyForDeploymentPostprocessing = 0;
		};
		6C71ADEA256FFCF600F36D19 /* Sources */ = {
			isa = PBXSourcesBuildPhase;
			buildActionMask = 2147483647;
			files = (
				6C71ADF3256FFCF600F36D19 /* Project_18_HWS_DebuggingUITests.swift in Sources */,
			);
			runOnlyForDeploymentPostprocessing = 0;
		};
/* End PBXSourcesBuildPhase section */

/* Begin PBXTargetDependency section */
		6C71ADE5256FFCF600F36D19 /* PBXTargetDependency */ = {
			isa = PBXTargetDependency;
			target = 6C71ADCC256FFCF400F36D19 /* Project 18 HWS Debugging */;
			targetProxy = 6C71ADE4256FFCF600F36D19 /* PBXContainerItemProxy */;
		};
		6C71ADF0256FFCF600F36D19 /* PBXTargetDependency */ = {
			isa = PBXTargetDependency;
			target = 6C71ADCC256FFCF400F36D19 /* Project 18 HWS Debugging */;
			targetProxy = 6C71ADEF256FFCF600F36D19 /* PBXContainerItemProxy */;
		};
/* End PBXTargetDependency section */

/* Begin PBXVariantGroup section */
		6C71ADD6256FFCF400F36D19 /* Main.storyboard */ = {
			isa = PBXVariantGroup;
			children = (
				6C71ADD7256FFCF400F36D19 /* Base */,
			);
			name = Main.storyboard;
			sourceTree = "<group>";
		};
		6C71ADDB256FFCF600F36D19 /* LaunchScreen.storyboard */ = {
			isa = PBXVariantGroup;
			children = (
				6C71ADDC256FFCF600F36D19 /* Base */,
			);
			name = LaunchScreen.storyboard;
			sourceTree = "<group>";
		};
/* End PBXVariantGroup section */

/* Begin XCBuildConfiguration section */
		6C71ADF5256FFCF600F36D19 /* Debug */ = {
			isa = XCBuildConfiguration;
			buildSettings = {
				ALWAYS_SEARCH_USER_PATHS = NO;
				CLANG_ANALYZER_NONNULL = YES;
				CLANG_ANALYZER_NUMBER_OBJECT_CONVERSION = YES_AGGRESSIVE;
				CLANG_CXX_LANGUAGE_STANDARD = "gnu++14";
				CLANG_CXX_LIBRARY = "libc++";
				CLANG_ENABLE_MODULES = YES;
				CLANG_ENABLE_OBJC_ARC = YES;
				CLANG_ENABLE_OBJC_WEAK = YES;
				CLANG_WARN_BLOCK_CAPTURE_AUTORELEASING = YES;
				CLANG_WARN_BOOL_CONVERSION = YES;
				CLANG_WARN_COMMA = YES;
				CLANG_WARN_CONSTANT_CONVERSION = YES;
				CLANG_WARN_DEPRECATED_OBJC_IMPLEMENTATIONS = YES;
				CLANG_WARN_DIRECT_OBJC_ISA_USAGE = YES_ERROR;
				CLANG_WARN_DOCUMENTATION_COMMENTS = YES;
				CLANG_WARN_EMPTY_BODY = YES;
				CLANG_WARN_ENUM_CONVERSION = YES;
				CLANG_WARN_INFINITE_RECURSION = YES;
				CLANG_WARN_INT_CONVERSION = YES;
				CLANG_WARN_NON_LITERAL_NULL_CONVERSION = YES;
				CLANG_WARN_OBJC_IMPLICIT_RETAIN_SELF = YES;
				CLANG_WARN_OBJC_LITERAL_CONVERSION = YES;
				CLANG_WARN_OBJC_ROOT_CLASS = YES_ERROR;
				CLANG_WARN_QUOTED_INCLUDE_IN_FRAMEWORK_HEADER = YES;
				CLANG_WARN_RANGE_LOOP_ANALYSIS = YES;
				CLANG_WARN_STRICT_PROTOTYPES = YES;
				CLANG_WARN_SUSPICIOUS_MOVE = YES;
				CLANG_WARN_UNGUARDED_AVAILABILITY = YES_AGGRESSIVE;
				CLANG_WARN_UNREACHABLE_CODE = YES;
				CLANG_WARN__DUPLICATE_METHOD_MATCH = YES;
				COPY_PHASE_STRIP = NO;
				DEBUG_INFORMATION_FORMAT = dwarf;
				ENABLE_STRICT_OBJC_MSGSEND = YES;
				ENABLE_TESTABILITY = YES;
				GCC_C_LANGUAGE_STANDARD = gnu11;
				GCC_DYNAMIC_NO_PIC = NO;
				GCC_NO_COMMON_BLOCKS = YES;
				GCC_OPTIMIZATION_LEVEL = 0;
				GCC_PREPROCESSOR_DEFINITIONS = (
					"DEBUG=1",
					"$(inherited)",
				);
				GCC_WARN_64_TO_32_BIT_CONVERSION = YES;
				GCC_WARN_ABOUT_RETURN_TYPE = YES_ERROR;
				GCC_WARN_UNDECLARED_SELECTOR = YES;
				GCC_WARN_UNINITIALIZED_AUTOS = YES_AGGRESSIVE;
				GCC_WARN_UNUSED_FUNCTION = YES;
				GCC_WARN_UNUSED_VARIABLE = YES;
				IPHONEOS_DEPLOYMENT_TARGET = 14.0;
				MTL_ENABLE_DEBUG_INFO = INCLUDE_SOURCE;
				MTL_FAST_MATH = YES;
				ONLY_ACTIVE_ARCH = YES;
				SDKROOT = iphoneos;
				SWIFT_ACTIVE_COMPILATION_CONDITIONS = DEBUG;
				SWIFT_OPTIMIZATION_LEVEL = "-Onone";
			};
			name = Debug;
		};
		6C71ADF6256FFCF600F36D19 /* Release */ = {
			isa = XCBuildConfiguration;
			buildSettings = {
				ALWAYS_SEARCH_USER_PATHS = NO;
				CLANG_ANALYZER_NONNULL = YES;
				CLANG_ANALYZER_NUMBER_OBJECT_CONVERSION = YES_AGGRESSIVE;
				CLANG_CXX_LANGUAGE_STANDARD = "gnu++14";
				CLANG_CXX_LIBRARY = "libc++";
				CLANG_ENABLE_MODULES = YES;
				CLANG_ENABLE_OBJC_ARC = YES;
				CLANG_ENABLE_OBJC_WEAK = YES;
				CLANG_WARN_BLOCK_CAPTURE_AUTORELEASING = YES;
				CLANG_WARN_BOOL_CONVERSION = YES;
				CLANG_WARN_COMMA = YES;
				CLANG_WARN_CONSTANT_CONVERSION = YES;
				CLANG_WARN_DEPRECATED_OBJC_IMPLEMENTATIONS = YES;
				CLANG_WARN_DIRECT_OBJC_ISA_USAGE = YES_ERROR;
				CLANG_WARN_DOCUMENTATION_COMMENTS = YES;
				CLANG_WARN_EMPTY_BODY = YES;
				CLANG_WARN_ENUM_CONVERSION = YES;
				CLANG_WARN_INFINITE_RECURSION = YES;
				CLANG_WARN_INT_CONVERSION = YES;
				CLANG_WARN_NON_LITERAL_NULL_CONVERSION = YES;
				CLANG_WARN_OBJC_IMPLICIT_RETAIN_SELF = YES;
				CLANG_WARN_OBJC_LITERAL_CONVERSION = YES;
				CLANG_WARN_OBJC_ROOT_CLASS = YES_ERROR;
				CLANG_WARN_QUOTED_INCLUDE_IN_FRAMEWORK_HEADER = YES;
				CLANG_WARN_RANGE_LOOP_ANALYSIS = YES;
				CLANG_WARN_STRICT_PROTOTYPES = YES;
				CLANG_WARN_SUSPICIOUS_MOVE = YES;
				CLANG_WARN_UNGUARDED_AVAILABILITY = YES_AGGRESSIVE;
				CLANG_WARN_UNREACHABLE_CODE = YES;
				CLANG_WARN__DUPLICATE_METHOD_MATCH = YES;
				COPY_PHASE_STRIP = NO;
				DEBUG_INFORMATION_FORMAT = "dwarf-with-dsym";
				ENABLE_NS_ASSERTIONS = NO;
				ENABLE_STRICT_OBJC_MSGSEND = YES;
				GCC_C_LANGUAGE_STANDARD = gnu11;
				GCC_NO_COMMON_BLOCKS = YES;
				GCC_WARN_64_TO_32_BIT_CONVERSION = YES;
				GCC_WARN_ABOUT_RETURN_TYPE = YES_ERROR;
				GCC_WARN_UNDECLARED_SELECTOR = YES;
				GCC_WARN_UNINITIALIZED_AUTOS = YES_AGGRESSIVE;
				GCC_WARN_UNUSED_FUNCTION = YES;
				GCC_WARN_UNUSED_VARIABLE = YES;
				IPHONEOS_DEPLOYMENT_TARGET = 14.0;
				MTL_ENABLE_DEBUG_INFO = NO;
				MTL_FAST_MATH = YES;
				SDKROOT = iphoneos;
				SWIFT_COMPILATION_MODE = wholemodule;
				SWIFT_OPTIMIZATION_LEVEL = "-O";
				VALIDATE_PRODUCT = YES;
			};
			name = Release;
		};
		6C71ADF8256FFCF600F36D19 /* Debug */ = {
			isa = XCBuildConfiguration;
			buildSettings = {
				ASSETCATALOG_COMPILER_APPICON_NAME = AppIcon;
				ASSETCATALOG_COMPILER_GLOBAL_ACCENT_COLOR_NAME = AccentColor;
				CODE_SIGN_STYLE = Automatic;
				DEVELOPMENT_TEAM = YTVSGRSC5J;
				INFOPLIST_FILE = "Project 18 HWS Debugging/Info.plist";
				LD_RUNPATH_SEARCH_PATHS = (
					"$(inherited)",
					"@executable_path/Frameworks",
				);
				PRODUCT_BUNDLE_IDENTIFIER = "com.Exp.Project-18-HWS-Debugging";
				PRODUCT_NAME = "$(TARGET_NAME)";
				SWIFT_VERSION = 5.0;
				TARGETED_DEVICE_FAMILY = "1,2";
			};
			name = Debug;
		};
		6C71ADF9256FFCF600F36D19 /* Release */ = {
			isa = XCBuildConfiguration;
			buildSettings = {
				ASSETCATALOG_COMPILER_APPICON_NAME = AppIcon;
				ASSETCATALOG_COMPILER_GLOBAL_ACCENT_COLOR_NAME = AccentColor;
				CODE_SIGN_STYLE = Automatic;
				DEVELOPMENT_TEAM = YTVSGRSC5J;
				INFOPLIST_FILE = "Project 18 HWS Debugging/Info.plist";
				LD_RUNPATH_SEARCH_PATHS = (
					"$(inherited)",
					"@executable_path/Frameworks",
				);
				PRODUCT_BUNDLE_IDENTIFIER = "com.Exp.Project-18-HWS-Debugging";
				PRODUCT_NAME = "$(TARGET_NAME)";
				SWIFT_VERSION = 5.0;
				TARGETED_DEVICE_FAMILY = "1,2";
			};
			name = Release;
		};
		6C71ADFB256FFCF600F36D19 /* Debug */ = {
			isa = XCBuildConfiguration;
			buildSettings = {
				ALWAYS_EMBED_SWIFT_STANDARD_LIBRARIES = YES;
				BUNDLE_LOADER = "$(TEST_HOST)";
				CODE_SIGN_STYLE = Automatic;
				DEVELOPMENT_TEAM = YTVSGRSC5J;
				INFOPLIST_FILE = "Project 18 HWS DebuggingTests/Info.plist";
				IPHONEOS_DEPLOYMENT_TARGET = 14.0;
				LD_RUNPATH_SEARCH_PATHS = (
					"$(inherited)",
					"@executable_path/Frameworks",
					"@loader_path/Frameworks",
				);
				PRODUCT_BUNDLE_IDENTIFIER = "com.Exp.Project-18-HWS-DebuggingTests";
				PRODUCT_NAME = "$(TARGET_NAME)";
				SWIFT_VERSION = 5.0;
				TARGETED_DEVICE_FAMILY = "1,2";
				TEST_HOST = "$(BUILT_PRODUCTS_DIR)/Project 18 HWS Debugging.app/Project 18 HWS Debugging";
			};
			name = Debug;
		};
		6C71ADFC256FFCF600F36D19 /* Release */ = {
			isa = XCBuildConfiguration;
			buildSettings = {
				ALWAYS_EMBED_SWIFT_STANDARD_LIBRARIES = YES;
				BUNDLE_LOADER = "$(TEST_HOST)";
				CODE_SIGN_STYLE = Automatic;
				DEVELOPMENT_TEAM = YTVSGRSC5J;
				INFOPLIST_FILE = "Project 18 HWS DebuggingTests/Info.plist";
				IPHONEOS_DEPLOYMENT_TARGET = 14.0;
				LD_RUNPATH_SEARCH_PATHS = (
					"$(inherited)",
					"@executable_path/Frameworks",
					"@loader_path/Frameworks",
				);
				PRODUCT_BUNDLE_IDENTIFIER = "com.Exp.Project-18-HWS-DebuggingTests";
				PRODUCT_NAME = "$(TARGET_NAME)";
				SWIFT_VERSION = 5.0;
				TARGETED_DEVICE_FAMILY = "1,2";
				TEST_HOST = "$(BUILT_PRODUCTS_DIR)/Project 18 HWS Debugging.app/Project 18 HWS Debugging";
			};
			name = Release;
		};
		6C71ADFE256FFCF600F36D19 /* Debug */ = {
			isa = XCBuildConfiguration;
			buildSettings = {
				ALWAYS_EMBED_SWIFT_STANDARD_LIBRARIES = YES;
				CODE_SIGN_STYLE = Automatic;
				DEVELOPMENT_TEAM = YTVSGRSC5J;
				INFOPLIST_FILE = "Project 18 HWS DebuggingUITests/Info.plist";
				LD_RUNPATH_SEARCH_PATHS = (
					"$(inherited)",
					"@executable_path/Frameworks",
					"@loader_path/Frameworks",
				);
				PRODUCT_BUNDLE_IDENTIFIER = "com.Exp.Project-18-HWS-DebuggingUITests";
				PRODUCT_NAME = "$(TARGET_NAME)";
				SWIFT_VERSION = 5.0;
				TARGETED_DEVICE_FAMILY = "1,2";
				TEST_TARGET_NAME = "Project 18 HWS Debugging";
			};
			name = Debug;
		};
		6C71ADFF256FFCF600F36D19 /* Release */ = {
			isa = XCBuildConfiguration;
			buildSettings = {
				ALWAYS_EMBED_SWIFT_STANDARD_LIBRARIES = YES;
				CODE_SIGN_STYLE = Automatic;
				DEVELOPMENT_TEAM = YTVSGRSC5J;
				INFOPLIST_FILE = "Project 18 HWS DebuggingUITests/Info.plist";
				LD_RUNPATH_SEARCH_PATHS = (
					"$(inherited)",
					"@executable_path/Frameworks",
					"@loader_path/Frameworks",
				);
				PRODUCT_BUNDLE_IDENTIFIER = "com.Exp.Project-18-HWS-DebuggingUITests";
				PRODUCT_NAME = "$(TARGET_NAME)";
				SWIFT_VERSION = 5.0;
				TARGETED_DEVICE_FAMILY = "1,2";
				TEST_TARGET_NAME = "Project 18 HWS Debugging";
			};
			name = Release;
		};
/* End XCBuildConfiguration section */

/* Begin XCConfigurationList section */
		6C71ADC8256FFCF300F36D19 /* Build configuration list for PBXProject "Project 18 HWS Debugging" */ = {
			isa = XCConfigurationList;
			buildConfigurations = (
				6C71ADF5256FFCF600F36D19 /* Debug */,
				6C71ADF6256FFCF600F36D19 /* Release */,
			);
			defaultConfigurationIsVisible = 0;
			defaultConfigurationName = Release;
		};
		6C71ADF7256FFCF600F36D19 /* Build configuration list for PBXNativeTarget "Project 18 HWS Debugging" */ = {
			isa = XCConfigurationList;
			buildConfigurations = (
				6C71ADF8256FFCF600F36D19 /* Debug */,
				6C71ADF9256FFCF600F36D19 /* Release */,
			);
			defaultConfigurationIsVisible = 0;
			defaultConfigurationName = Release;
		};
		6C71ADFA256FFCF600F36D19 /* Build configuration list for PBXNativeTarget "Project 18 HWS DebuggingTests" */ = {
			isa = XCConfigurationList;
			buildConfigurations = (
				6C71ADFB256FFCF600F36D19 /* Debug */,
				6C71ADFC256FFCF600F36D19 /* Release */,
			);
			defaultConfigurationIsVisible = 0;
			defaultConfigurationName = Release;
		};
		6C71ADFD256FFCF600F36D19 /* Build configuration list for PBXNativeTarget "Project 18 HWS DebuggingUITests" */ = {
			isa = XCConfigurationList;
			buildConfigurations = (
				6C71ADFE256FFCF600F36D19 /* Debug */,
				6C71ADFF256FFCF600F36D19 /* Release */,
			);
			defaultConfigurationIsVisible = 0;
			defaultConfigurationName = Release;
		};
/* End XCConfigurationList section */
	};
	rootObject = 6C71ADC5256FFCF300F36D19 /* Project object */;
}
